{
  "name": "fs-harness",
  "version": "0.1.0",
  "lockfileVersion": 3,
  "requires": true,
  "packages": {
    "": {
      "name": "fs-harness",
      "version": "0.1.0",
      "license": "MIT",
      "bin": {
        "fsh": "bin/fsh.js"
      },
      "engines": {
        "node": ">=22"
      }
    }
  }
}
